
Microsoft Visual Studio Solution File, Format Version 12.00
# Visual Studio 15
VisualStudioVersion = 15.0.28010.2026
MinimumVisualStudioVersion = 10.0.40219.1
Project("{FAE04EC0-301F-11D3-BF4B-00C04F79EFBC}") = "aspnetcore_test", "aspnetcore_test\aspnetcore_test.csproj", "{A36B47B7-E06E-46D8-B7B5-8901AC5ADFA2}"
EndProject
Global
	GlobalSection(SolutionConfigurationPlatforms) = preSolution
		Debug|Any CPU = Debug|Any CPU
		Release|Any CPU = Release|Any CPU
	EndGlobalSection
	GlobalSection(ProjectConfigurationPlatforms) = postSolution
		{A36B47B7-E06E-46D8-B7B5-8901AC5ADFA2}.Debug|Any CPU.ActiveCfg = Debug|Any CPU
		{A36B47B7-E06E-46D8-B7B5-8901AC5ADFA2}.Debug|Any CPU.Build.0 = Debug|Any CPU
		{A36B47B7-E06E-46D8-B7B5-8901AC5ADFA2}.Release|Any CPU.ActiveCfg = Release|Any CPU
		{A36B47B7-E06E-46D8-B7B5-8901AC5ADFA2}.Release|Any CPU.Build.0 = Release|Any CPU
	EndGlobalSection
	GlobalSection(SolutionProperties) = preSolution
		HideSolutionNode = FALSE
	EndGlobalSection
	GlobalSection(ExtensibilityGlobals) = postSolution
		SolutionGuid = {D8B3A9F5-1DFC-47EF-9FC0-C3B3B20D0A19}
	EndGlobalSection
EndGlobal
